<?xml version="1.0" encoding="utf-8"?>
<Project ToolsVersion="4.0" xmlns="http://schemas.microsoft.com/developer/msbuild/2003">
  <ItemGroup>
    <Filter Include="Core">
      <UniqueIdentifier>{c2cf79ca-795c-42b7-8e8d-414a27f542a1}</UniqueIdentifier>
    </Filter>
    <Filter Include="Rendering">
      <UniqueIdentifier>{39459a5e-1360-423a-a636-4a71abc31ab9}</UniqueIdentifier>
    </Filter>
  </ItemGroup>
  <ItemGroup>
    <ClCompile Include="..\Engine\WinMain.cpp">
      <Filter>Core</Filter>
    </ClCompile>
    <ClCompile Include="..\Engine\Renderer.cpp">
      <Filter>Rendering</Filter>
    </ClCompile>
    <ClCompile Include="..\Engine\Shader.cpp">
      <Filter>Rendering</Filter>
    </ClCompile>
  </ItemGroup>
  <ItemGroup>
    <ClInclude Include="..\Engine\Types.h">
      <Filter>Core</Filter>
    </ClInclude>
    <ClInclude Include="..\Engine\D3DMacros.h">
      <Filter>Rendering</Filter>
    </ClInclude>
    <ClInclude Include="..\Engine\Renderer.h">
      <Filter>Rendering</Filter>
    </ClInclude>
    <ClInclude Include="..\Engine\Shader.h">
      <Filter>Rendering</Filter>
    </ClInclude>
  </ItemGroup>
</Project>